{
  "originHash" : "9eaaab1dc8b488596d7998912e7f8a53c9dbe29ae68b1bd275c31290a505edbc",
  "pins" : [
    {
      "identity" : "alamofire",
      "kind" : "remoteSourceControl",
      "location" : "https://github.com/Alamofire/Alamofire",
      "state" : {
        "revision" : "3dc6a42c7727c49bf26508e29b0a0b35f9c7e1ad",
        "version" : "5.8.1"
      }
    },
    {
      "identity" : "appsmithsessentials",
      "kind" : "remoteSourceControl",
      "location" : "https://github.com/bks715/AppsmithsEssentials",
      "state" : {
        "branch" : "main",
        "revision" : "3becdd3ca5cd24545001e6c8ec70cc5c2ca1ce50"
      }
    },
    {
      "identity" : "kingfisher",
      "kind" : "remoteSourceControl",
      "location" : "https://github.com/onevcat/Kingfisher",
      "state" : {
        "revision" : "5b92f029fab2cce44386d28588098b5be0824ef5",
        "version" : "7.11.0"
      }
    }
  ],
  "version" : 3
}
