// !$*UTF8*$!
{
	archiveVersion = 1;
	classes = {
	};
	objectVersion = 56;
	objects = {

/* Begin PBXBuildFile section */
		6A88676A2B8FEDB800518D4B /* FoodiApp.swift in Sources */ = {isa = PBXBuildFile; fileRef = 6A8867692B8FEDB800518D4B /* FoodiApp.swift */; };
		6A88676C2B8FEDB800518D4B /* RecipeListView.swift in Sources */ = {isa = PBXBuildFile; fileRef = 6A88676B2B8FEDB800518D4B /* RecipeListView.swift */; };
		6A88676E2B8FEDB900518D4B /* Assets.xcassets in Resources */ = {isa = PBXBuildFile; fileRef = 6A88676D2B8FEDB900518D4B /* Assets.xcassets */; };
		6A8867712B8FEDB900518D4B /* Preview Assets.xcassets in Resources */ = {isa = PBXBuildFile; fileRef = 6A8867702B8FEDB900518D4B /* Preview Assets.xcassets */; };
		6A88677B2B8FEDBA00518D4B /* FoodiTests.swift in Sources */ = {isa = PBXBuildFile; fileRef = 6A88677A2B8FEDBA00518D4B /* FoodiTests.swift */; };
		6A8867852B8FEDBA00518D4B /* FoodiUITests.swift in Sources */ = {isa = PBXBuildFile; fileRef = 6A8867842B8FEDBA00518D4B /* FoodiUITests.swift */; };
		6A8867872B8FEDBA00518D4B /* FoodiUITestsLaunchTests.swift in Sources */ = {isa = PBXBuildFile; fileRef = 6A8867862B8FEDBA00518D4B /* FoodiUITestsLaunchTests.swift */; };
		6A8867952B8FF0AC00518D4B /* AppsmithsEssentials in Frameworks */ = {isa = PBXBuildFile; productRef = 6A8867942B8FF0AC00518D4B /* AppsmithsEssentials */; };
		6A8867982B8FF0CC00518D4B /* Alamofire in Frameworks */ = {isa = PBXBuildFile; productRef = 6A8867972B8FF0CC00518D4B /* Alamofire */; };
		6A88679B2B8FF0E600518D4B /* Kingfisher in Frameworks */ = {isa = PBXBuildFile; productRef = 6A88679A2B8FF0E600518D4B /* Kingfisher */; };
/* End PBXBuildFile section */

/* Begin PBXContainerItemProxy section */
		6A8867772B8FEDBA00518D4B /* PBXContainerItemProxy */ = {
			isa = PBXContainerItemProxy;
			containerPortal = 6A88675E2B8FEDB800518D4B /* Project object */;
			proxyType = 1;
			remoteGlobalIDString = 6A8867652B8FEDB800518D4B;
			remoteInfo = Foodi;
		};
		6A8867812B8FEDBA00518D4B /* PBXContainerItemProxy */ = {
			isa = PBXContainerItemProxy;
			containerPortal = 6A88675E2B8FEDB800518D4B /* Project object */;
			proxyType = 1;
			remoteGlobalIDString = 6A8867652B8FEDB800518D4B;
			remoteInfo = Foodi;
		};
/* End PBXContainerItemProxy section */

/* Begin PBXFileReference section */
		6A8867662B8FEDB800518D4B /* Foodi.app */ = {isa = PBXFileReference; explicitFileType = wrapper.application; includeInIndex = 0; path = Foodi.app; sourceTree = BUILT_PRODUCTS_DIR; };
		6A8867692B8FEDB800518D4B /* FoodiApp.swift */ = {isa = PBXFileReference; lastKnownFileType = sourcecode.swift; path = FoodiApp.swift; sourceTree = "<group>"; };
		6A88676B2B8FEDB800518D4B /* RecipeListView.swift */ = {isa = PBXFileReference; lastKnownFileType = sourcecode.swift; path = RecipeListView.swift; sourceTree = "<group>"; };
		6A88676D2B8FEDB900518D4B /* Assets.xcassets */ = {isa = PBXFileReference; lastKnownFileType = folder.assetcatalog; path = Assets.xcassets; sourceTree = "<group>"; };
		6A8867702B8FEDB900518D4B /* Preview Assets.xcassets */ = {isa = PBXFileReference; lastKnownFileType = folder.assetcatalog; path = "Preview Assets.xcassets"; sourceTree = "<group>"; };
		6A8867762B8FEDBA00518D4B /* FoodiTests.xctest */ = {isa = PBXFileReference; explicitFileType = wrapper.cfbundle; includeInIndex = 0; path = FoodiTests.xctest; sourceTree = BUILT_PRODUCTS_DIR; };
		6A88677A2B8FEDBA00518D4B /* FoodiTests.swift */ = {isa = PBXFileReference; lastKnownFileType = sourcecode.swift; path = FoodiTests.swift; sourceTree = "<group>"; };
		6A8867802B8FEDBA00518D4B /* FoodiUITests.xctest */ = {isa = PBXFileReference; explicitFileType = wrapper.cfbundle; includeInIndex = 0; path = FoodiUITests.xctest; sourceTree = BUILT_PRODUCTS_DIR; };
		6A8867842B8FEDBA00518D4B /* FoodiUITests.swift */ = {isa = PBXFileReference; lastKnownFileType = sourcecode.swift; path = FoodiUITests.swift; sourceTree = "<group>"; };
		6A8867862B8FEDBA00518D4B /* FoodiUITestsLaunchTests.swift */ = {isa = PBXFileReference; lastKnownFileType = sourcecode.swift; path = FoodiUITestsLaunchTests.swift; sourceTree = "<group>"; };
/* End PBXFileReference section */

/* Begin PBXFrameworksBuildPhase section */
		6A8867632B8FEDB800518D4B /* Frameworks */ = {
			isa = PBXFrameworksBuildPhase;
			buildActionMask = 2147483647;
			files = (
				6A88679B2B8FF0E600518D4B /* Kingfisher in Frameworks */,
				6A8867952B8FF0AC00518D4B /* AppsmithsEssentials in Frameworks */,
				6A8867982B8FF0CC00518D4B /* Alamofire in Frameworks */,
			);
			runOnlyForDeploymentPostprocessing = 0;
		};
		6A8867732B8FEDBA00518D4B /* Frameworks */ = {
			isa = PBXFrameworksBuildPhase;
			buildActionMask = 2147483647;
			files = (
			);
			runOnlyForDeploymentPostprocessing = 0;
		};
		6A88677D2B8FEDBA00518D4B /* Frameworks */ = {
			isa = PBXFrameworksBuildPhase;
			buildActionMask = 2147483647;
			files = (
			);
			runOnlyForDeploymentPostprocessing = 0;
		};
/* End PBXFrameworksBuildPhase section */

/* Begin PBXGroup section */
		6A88675D2B8FEDB800518D4B = {
			isa = PBXGroup;
			children = (
				6A8867682B8FEDB800518D4B /* Foodi */,
				6A8867792B8FEDBA00518D4B /* FoodiTests */,
				6A8867832B8FEDBA00518D4B /* FoodiUITests */,
				6A8867672B8FEDB800518D4B /* Products */,
			);
			sourceTree = "<group>";
		};
		6A8867672B8FEDB800518D4B /* Products */ = {
			isa = PBXGroup;
			children = (
				6A8867662B8FEDB800518D4B /* Foodi.app */,
				6A8867762B8FEDBA00518D4B /* FoodiTests.xctest */,
				6A8867802B8FEDBA00518D4B /* FoodiUITests.xctest */,
			);
			name = Products;
			sourceTree = "<group>";
		};
		6A8867682B8FEDB800518D4B /* Foodi */ = {
			isa = PBXGroup;
			children = (
				6A8867692B8FEDB800518D4B /* FoodiApp.swift */,
				6A88676B2B8FEDB800518D4B /* RecipeListView.swift */,
				6A88679C2B90EEB300518D4B /* Models */,
				6A88676D2B8FEDB900518D4B /* Assets.xcassets */,
				6A88676F2B8FEDB900518D4B /* Preview Content */,
			);
			path = Foodi;
			sourceTree = "<group>";
		};
		6A88676F2B8FEDB900518D4B /* Preview Content */ = {
			isa = PBXGroup;
			children = (
				6A8867702B8FEDB900518D4B /* Preview Assets.xcassets */,
			);
			path = "Preview Content";
			sourceTree = "<group>";
		};
		6A8867792B8FEDBA00518D4B /* FoodiTests */ = {
			isa = PBXGroup;
			children = (
				6A88677A2B8FEDBA00518D4B /* FoodiTests.swift */,
			);
			path = FoodiTests;
			sourceTree = "<group>";
		};
		6A8867832B8FEDBA00518D4B /* FoodiUITests */ = {
			isa = PBXGroup;
			children = (
				6A8867842B8FEDBA00518D4B /* FoodiUITests.swift */,
				6A8867862B8FEDBA00518D4B /* FoodiUITestsLaunchTests.swift */,
			);
			path = FoodiUITests;
			sourceTree = "<group>";
		};
		6A88679C2B90EEB300518D4B /* Models */ = {
			isa = PBXGroup;
			children = (
			);
			path = Models;
			sourceTree = "<group>";
		};
/* End PBXGroup section */

/* Begin PBXNativeTarget section */
		6A8867652B8FEDB800518D4B /* Foodi */ = {
			isa = PBXNativeTarget;
			buildConfigurationList = 6A88678A2B8FEDBA00518D4B /* Build configuration list for PBXNativeTarget "Foodi" */;
			buildPhases = (
				6A8867622B8FEDB800518D4B /* Sources */,
				6A8867632B8FEDB800518D4B /* Frameworks */,
				6A8867642B8FEDB800518D4B /* Resources */,
			);
			buildRules = (
			);
			dependencies = (
			);
			name = Foodi;
			packageProductDependencies = (
				6A8867942B8FF0AC00518D4B /* AppsmithsEssentials */,
				6A8867972B8FF0CC00518D4B /* Alamofire */,
				6A88679A2B8FF0E600518D4B /* Kingfisher */,
			);
			productName = Foodi;
			productReference = 6A8867662B8FEDB800518D4B /* Foodi.app */;
			productType = "com.apple.product-type.application";
		};
		6A8867752B8FEDBA00518D4B /* FoodiTests */ = {
			isa = PBXNativeTarget;
			buildConfigurationList = 6A88678D2B8FEDBA00518D4B /* Build configuration list for PBXNativeTarget "FoodiTests" */;
			buildPhases = (
				6A8867722B8FEDBA00518D4B /* Sources */,
				6A8867732B8FEDBA00518D4B /* Frameworks */,
				6A8867742B8FEDBA00518D4B /* Resources */,
			);
			buildRules = (
			);
			dependencies = (
				6A8867782B8FEDBA00518D4B /* PBXTargetDependency */,
			);
			name = FoodiTests;
			productName = FoodiTests;
			productReference = 6A8867762B8FEDBA00518D4B /* FoodiTests.xctest */;
			productType = "com.apple.product-type.bundle.unit-test";
		};
		6A88677F2B8FEDBA00518D4B /* FoodiUITests */ = {
			isa = PBXNativeTarget;
			buildConfigurationList = 6A8867902B8FEDBA00518D4B /* Build configuration list for PBXNativeTarget "FoodiUITests" */;
			buildPhases = (
				6A88677C2B8FEDBA00518D4B /* Sources */,
				6A88677D2B8FEDBA00518D4B /* Frameworks */,
				6A88677E2B8FEDBA00518D4B /* Resources */,
			);
			buildRules = (
			);
			dependencies = (
				6A8867822B8FEDBA00518D4B /* PBXTargetDependency */,
			);
			name = FoodiUITests;
			productName = FoodiUITests;
			productReference = 6A8867802B8FEDBA00518D4B /* FoodiUITests.xctest */;
			productType = "com.apple.product-type.bundle.ui-testing";
		};
/* End PBXNativeTarget section */

/* Begin PBXProject section */
		6A88675E2B8FEDB800518D4B /* Project object */ = {
			isa = PBXProject;
			attributes = {
				BuildIndependentTargetsInParallel = 1;
				LastSwiftUpdateCheck = 1530;
				LastUpgradeCheck = 1530;
				TargetAttributes = {
					6A8867652B8FEDB800518D4B = {
						CreatedOnToolsVersion = 15.3;
					};
					6A8867752B8FEDBA00518D4B = {
						CreatedOnToolsVersion = 15.3;
						TestTargetID = 6A8867652B8FEDB800518D4B;
					};
					6A88677F2B8FEDBA00518D4B = {
						CreatedOnToolsVersion = 15.3;
						TestTargetID = 6A8867652B8FEDB800518D4B;
					};
				};
			};
			buildConfigurationList = 6A8867612B8FEDB800518D4B /* Build configuration list for PBXProject "Foodi" */;
			compatibilityVersion = "Xcode 14.0";
			developmentRegion = en;
			hasScannedForEncodings = 0;
			knownRegions = (
				en,
				Base,
			);
			mainGroup = 6A88675D2B8FEDB800518D4B;
			packageReferences = (
				6A8867932B8FF0AC00518D4B /* XCRemoteSwiftPackageReference "AppsmithsEssentials" */,
				6A8867962B8FF0CC00518D4B /* XCRemoteSwiftPackageReference "Alamofire" */,
				6A8867992B8FF0E600518D4B /* XCRemoteSwiftPackageReference "Kingfisher" */,
			);
			productRefGroup = 6A8867672B8FEDB800518D4B /* Products */;
			projectDirPath = "";
			projectRoot = "";
			targets = (
				6A8867652B8FEDB800518D4B /* Foodi */,
				6A8867752B8FEDBA00518D4B /* FoodiTests */,
				6A88677F2B8FEDBA00518D4B /* FoodiUITests */,
			);
		};
/* End PBXProject section */

/* Begin PBXResourcesBuildPhase section */
		6A8867642B8FEDB800518D4B /* Resources */ = {
			isa = PBXResourcesBuildPhase;
			buildActionMask = 2147483647;
			files = (
				6A8867712B8FEDB900518D4B /* Preview Assets.xcassets in Resources */,
				6A88676E2B8FEDB900518D4B /* Assets.xcassets in Resources */,
			);
			runOnlyForDeploymentPostprocessing = 0;
		};
		6A8867742B8FEDBA00518D4B /* Resources */ = {
			isa = PBXResourcesBuildPhase;
			buildActionMask = 2147483647;
			files = (
			);
			runOnlyForDeploymentPostprocessing = 0;
		};
		6A88677E2B8FEDBA00518D4B /* Resources */ = {
			isa = PBXResourcesBuildPhase;
			buildActionMask = 2147483647;
			files = (
			);
			runOnlyForDeploymentPostprocessing = 0;
		};
/* End PBXResourcesBuildPhase section */

/* Begin PBXSourcesBuildPhase section */
		6A8867622B8FEDB800518D4B /* Sources */ = {
			isa = PBXSourcesBuildPhase;
			buildActionMask = 2147483647;
			files = (
				6A88676C2B8FEDB800518D4B /* RecipeListView.swift in Sources */,
				6A88676A2B8FEDB800518D4B /* FoodiApp.swift in Sources */,
			);
			runOnlyForDeploymentPostprocessing = 0;
		};
		6A8867722B8FEDBA00518D4B /* Sources */ = {
			isa = PBXSourcesBuildPhase;
			buildActionMask = 2147483647;
			files = (
				6A88677B2B8FEDBA00518D4B /* FoodiTests.swift in Sources */,
			);
			runOnlyForDeploymentPostprocessing = 0;
		};
		6A88677C2B8FEDBA00518D4B /* Sources */ = {
			isa = PBXSourcesBuildPhase;
			buildActionMask = 2147483647;
			files = (
				6A8867872B8FEDBA00518D4B /* FoodiUITestsLaunchTests.swift in Sources */,
				6A8867852B8FEDBA00518D4B /* FoodiUITests.swift in Sources */,
			);
			runOnlyForDeploymentPostprocessing = 0;
		};
/* End PBXSourcesBuildPhase section */

/* Begin PBXTargetDependency section */
		6A8867782B8FEDBA00518D4B /* PBXTargetDependency */ = {
			isa = PBXTargetDependency;
			target = 6A8867652B8FEDB800518D4B /* Foodi */;
			targetProxy = 6A8867772B8FEDBA00518D4B /* PBXContainerItemProxy */;
		};
		6A8867822B8FEDBA00518D4B /* PBXTargetDependency */ = {
			isa = PBXTargetDependency;
			target = 6A8867652B8FEDB800518D4B /* Foodi */;
			targetProxy = 6A8867812B8FEDBA00518D4B /* PBXContainerItemProxy */;
		};
/* End PBXTargetDependency section */

/* Begin XCBuildConfiguration section */
		6A8867882B8FEDBA00518D4B /* Debug */ = {
			isa = XCBuildConfiguration;
			buildSettings = {
				ALWAYS_SEARCH_USER_PATHS = NO;
				ASSETCATALOG_COMPILER_GENERATE_SWIFT_ASSET_SYMBOL_EXTENSIONS = YES;
				CLANG_ANALYZER_NONNULL = YES;
				CLANG_ANALYZER_NUMBER_OBJECT_CONVERSION = YES_AGGRESSIVE;
				CLANG_CXX_LANGUAGE_STANDARD = "gnu++20";
				CLANG_ENABLE_MODULES = YES;
				CLANG_ENABLE_OBJC_ARC = YES;
				CLANG_ENABLE_OBJC_WEAK = YES;
				CLANG_WARN_BLOCK_CAPTURE_AUTORELEASING = YES;
				CLANG_WARN_BOOL_CONVERSION = YES;
				CLANG_WARN_COMMA = YES;
				CLANG_WARN_CONSTANT_CONVERSION = YES;
				CLANG_WARN_DEPRECATED_OBJC_IMPLEMENTATIONS = YES;
				CLANG_WARN_DIRECT_OBJC_ISA_USAGE = YES_ERROR;
				CLANG_WARN_DOCUMENTATION_COMMENTS = YES;
				CLANG_WARN_EMPTY_BODY = YES;
				CLANG_WARN_ENUM_CONVERSION = YES;
				CLANG_WARN_INFINITE_RECURSION = YES;
				CLANG_WARN_INT_CONVERSION = YES;
				CLANG_WARN_NON_LITERAL_NULL_CONVERSION = YES;
				CLANG_WARN_OBJC_IMPLICIT_RETAIN_SELF = YES;
				CLANG_WARN_OBJC_LITERAL_CONVERSION = YES;
				CLANG_WARN_OBJC_ROOT_CLASS = YES_ERROR;
				CLANG_WARN_QUOTED_INCLUDE_IN_FRAMEWORK_HEADER = YES;
				CLANG_WARN_RANGE_LOOP_ANALYSIS = YES;
				CLANG_WARN_STRICT_PROTOTYPES = YES;
				CLANG_WARN_SUSPICIOUS_MOVE = YES;
				CLANG_WARN_UNGUARDED_AVAILABILITY = YES_AGGRESSIVE;
				CLANG_WARN_UNREACHABLE_CODE = YES;
				CLANG_WARN__DUPLICATE_METHOD_MATCH = YES;
				COPY_PHASE_STRIP = NO;
				DEBUG_INFORMATION_FORMAT = dwarf;
				ENABLE_STRICT_OBJC_MSGSEND = YES;
				ENABLE_TESTABILITY = YES;
				ENABLE_USER_SCRIPT_SANDBOXING = YES;
				GCC_C_LANGUAGE_STANDARD = gnu17;
				GCC_DYNAMIC_NO_PIC = NO;
				GCC_NO_COMMON_BLOCKS = YES;
				GCC_OPTIMIZATION_LEVEL = 0;
				GCC_PREPROCESSOR_DEFINITIONS = (
					"DEBUG=1",
					"$(inherited)",
				);
				GCC_WARN_64_TO_32_BIT_CONVERSION = YES;
				GCC_WARN_ABOUT_RETURN_TYPE = YES_ERROR;
				GCC_WARN_UNDECLARED_SELECTOR = YES;
				GCC_WARN_UNINITIALIZED_AUTOS = YES_AGGRESSIVE;
				GCC_WARN_UNUSED_FUNCTION = YES;
				GCC_WARN_UNUSED_VARIABLE = YES;
				IPHONEOS_DEPLOYMENT_TARGET = 15.0;
				LOCALIZATION_PREFERS_STRING_CATALOGS = YES;
				MTL_ENABLE_DEBUG_INFO = INCLUDE_SOURCE;
				MTL_FAST_MATH = YES;
				ONLY_ACTIVE_ARCH = YES;
				SDKROOT = iphoneos;
				SWIFT_ACTIVE_COMPILATION_CONDITIONS = "DEBUG $(inherited)";
				SWIFT_OPTIMIZATION_LEVEL = "-Onone";
			};
			name = Debug;
		};
		6A8867892B8FEDBA00518D4B /* Release */ = {
			isa = XCBuildConfiguration;
			buildSettings = {
				ALWAYS_SEARCH_USER_PATHS = NO;
				ASSETCATALOG_COMPILER_GENERATE_SWIFT_ASSET_SYMBOL_EXTENSIONS = YES;
				CLANG_ANALYZER_NONNULL = YES;
				CLANG_ANALYZER_NUMBER_OBJECT_CONVERSION = YES_AGGRESSIVE;
				CLANG_CXX_LANGUAGE_STANDARD = "gnu++20";
				CLANG_ENABLE_MODULES = YES;
				CLANG_ENABLE_OBJC_ARC = YES;
				CLANG_ENABLE_OBJC_WEAK = YES;
				CLANG_WARN_BLOCK_CAPTURE_AUTORELEASING = YES;
				CLANG_WARN_BOOL_CONVERSION = YES;
				CLANG_WARN_COMMA = YES;
				CLANG_WARN_CONSTANT_CONVERSION = YES;
				CLANG_WARN_DEPRECATED_OBJC_IMPLEMENTATIONS = YES;
				CLANG_WARN_DIRECT_OBJC_ISA_USAGE = YES_ERROR;
				CLANG_WARN_DOCUMENTATION_COMMENTS = YES;
				CLANG_WARN_EMPTY_BODY = YES;
				CLANG_WARN_ENUM_CONVERSION = YES;
				CLANG_WARN_INFINITE_RECURSION = YES;
				CLANG_WARN_INT_CONVERSION = YES;
				CLANG_WARN_NON_LITERAL_NULL_CONVERSION = YES;
				CLANG_WARN_OBJC_IMPLICIT_RETAIN_SELF = YES;
				CLANG_WARN_OBJC_LITERAL_CONVERSION = YES;
				CLANG_WARN_OBJC_ROOT_CLASS = YES_ERROR;
				CLANG_WARN_QUOTED_INCLUDE_IN_FRAMEWORK_HEADER = YES;
				CLANG_WARN_RANGE_LOOP_ANALYSIS = YES;
				CLANG_WARN_STRICT_PROTOTYPES = YES;
				CLANG_WARN_SUSPICIOUS_MOVE = YES;
				CLANG_WARN_UNGUARDED_AVAILABILITY = YES_AGGRESSIVE;
				CLANG_WARN_UNREACHABLE_CODE = YES;
				CLANG_WARN__DUPLICATE_METHOD_MATCH = YES;
				COPY_PHASE_STRIP = NO;
				DEBUG_INFORMATION_FORMAT = "dwarf-with-dsym";
				ENABLE_NS_ASSERTIONS = NO;
				ENABLE_STRICT_OBJC_MSGSEND = YES;
				ENABLE_USER_SCRIPT_SANDBOXING = YES;
				GCC_C_LANGUAGE_STANDARD = gnu17;
				GCC_NO_COMMON_BLOCKS = YES;
				GCC_WARN_64_TO_32_BIT_CONVERSION = YES;
				GCC_WARN_ABOUT_RETURN_TYPE = YES_ERROR;
				GCC_WARN_UNDECLARED_SELECTOR = YES;
				GCC_WARN_UNINITIALIZED_AUTOS = YES_AGGRESSIVE;
				GCC_WARN_UNUSED_FUNCTION = YES;
				GCC_WARN_UNUSED_VARIABLE = YES;
				IPHONEOS_DEPLOYMENT_TARGET = 15.0;
				LOCALIZATION_PREFERS_STRING_CATALOGS = YES;
				MTL_ENABLE_DEBUG_INFO = NO;
				MTL_FAST_MATH = YES;
				SDKROOT = iphoneos;
				SWIFT_COMPILATION_MODE = wholemodule;
				VALIDATE_PRODUCT = YES;
			};
			name = Release;
		};
		6A88678B2B8FEDBA00518D4B /* Debug */ = {
			isa = XCBuildConfiguration;
			buildSettings = {
				ASSETCATALOG_COMPILER_APPICON_NAME = AppIcon;
				ASSETCATALOG_COMPILER_GLOBAL_ACCENT_COLOR_NAME = AccentColor;
				CODE_SIGN_STYLE = Automatic;
				CURRENT_PROJECT_VERSION = 1;
				DEVELOPMENT_ASSET_PATHS = "\"Foodi/Preview Content\"";
				DEVELOPMENT_TEAM = EARS9JE9NE;
				ENABLE_PREVIEWS = YES;
				GENERATE_INFOPLIST_FILE = YES;
				INFOPLIST_KEY_UIApplicationSceneManifest_Generation = YES;
				INFOPLIST_KEY_UIApplicationSupportsIndirectInputEvents = YES;
				INFOPLIST_KEY_UILaunchScreen_Generation = YES;
				INFOPLIST_KEY_UISupportedInterfaceOrientations_iPad = "UIInterfaceOrientationPortrait UIInterfaceOrientationPortraitUpsideDown UIInterfaceOrientationLandscapeLeft UIInterfaceOrientationLandscapeRight";
				INFOPLIST_KEY_UISupportedInterfaceOrientations_iPhone = "UIInterfaceOrientationPortrait UIInterfaceOrientationLandscapeLeft UIInterfaceOrientationLandscapeRight";
				IPHONEOS_DEPLOYMENT_TARGET = 15.0;
				LD_RUNPATH_SEARCH_PATHS = (
					"$(inherited)",
					"@executable_path/Frameworks",
				);
				MARKETING_VERSION = 1.0;
				PRODUCT_BUNDLE_IDENTIFIER = io.appsmiths.Foodi;
				PRODUCT_NAME = "$(TARGET_NAME)";
				SWIFT_EMIT_LOC_STRINGS = YES;
				SWIFT_VERSION = 5.0;
				TARGETED_DEVICE_FAMILY = "1,2";
			};
			name = Debug;
		};
		6A88678C2B8FEDBA00518D4B /* Release */ = {
			isa = XCBuildConfiguration;
			buildSettings = {
				ASSETCATALOG_COMPILER_APPICON_NAME = AppIcon;
				ASSETCATALOG_COMPILER_GLOBAL_ACCENT_COLOR_NAME = AccentColor;
				CODE_SIGN_STYLE = Automatic;
				CURRENT_PROJECT_VERSION = 1;
				DEVELOPMENT_ASSET_PATHS = "\"Foodi/Preview Content\"";
				DEVELOPMENT_TEAM = EARS9JE9NE;
				ENABLE_PREVIEWS = YES;
				GENERATE_INFOPLIST_FILE = YES;
				INFOPLIST_KEY_UIApplicationSceneManifest_Generation = YES;
				INFOPLIST_KEY_UIApplicationSupportsIndirectInputEvents = YES;
				INFOPLIST_KEY_UILaunchScreen_Generation = YES;
				INFOPLIST_KEY_UISupportedInterfaceOrientations_iPad = "UIInterfaceOrientationPortrait UIInterfaceOrientationPortraitUpsideDown UIInterfaceOrientationLandscapeLeft UIInterfaceOrientationLandscapeRight";
				INFOPLIST_KEY_UISupportedInterfaceOrientations_iPhone = "UIInterfaceOrientationPortrait UIInterfaceOrientationLandscapeLeft UIInterfaceOrientationLandscapeRight";
				IPHONEOS_DEPLOYMENT_TARGET = 15.0;
				LD_RUNPATH_SEARCH_PATHS = (
					"$(inherited)",
					"@executable_path/Frameworks",
				);
				MARKETING_VERSION = 1.0;
				PRODUCT_BUNDLE_IDENTIFIER = io.appsmiths.Foodi;
				PRODUCT_NAME = "$(TARGET_NAME)";
				SWIFT_EMIT_LOC_STRINGS = YES;
				SWIFT_VERSION = 5.0;
				TARGETED_DEVICE_FAMILY = "1,2";
			};
			name = Release;
		};
		6A88678E2B8FEDBA00518D4B /* Debug */ = {
			isa = XCBuildConfiguration;
			buildSettings = {
				ALWAYS_EMBED_SWIFT_STANDARD_LIBRARIES = YES;
				BUNDLE_LOADER = "$(TEST_HOST)";
				CODE_SIGN_STYLE = Automatic;
				CURRENT_PROJECT_VERSION = 1;
				DEVELOPMENT_TEAM = EARS9JE9NE;
				GENERATE_INFOPLIST_FILE = YES;
				IPHONEOS_DEPLOYMENT_TARGET = 17.4;
				MARKETING_VERSION = 1.0;
				PRODUCT_BUNDLE_IDENTIFIER = io.appsmiths.FoodiTests;
				PRODUCT_NAME = "$(TARGET_NAME)";
				SWIFT_EMIT_LOC_STRINGS = NO;
				SWIFT_VERSION = 5.0;
				TARGETED_DEVICE_FAMILY = "1,2";
				TEST_HOST = "$(BUILT_PRODUCTS_DIR)/Foodi.app/$(BUNDLE_EXECUTABLE_FOLDER_PATH)/Foodi";
			};
			name = Debug;
		};
		6A88678F2B8FEDBA00518D4B /* Release */ = {
			isa = XCBuildConfiguration;
			buildSettings = {
				ALWAYS_EMBED_SWIFT_STANDARD_LIBRARIES = YES;
				BUNDLE_LOADER = "$(TEST_HOST)";
				CODE_SIGN_STYLE = Automatic;
				CURRENT_PROJECT_VERSION = 1;
				DEVELOPMENT_TEAM = EARS9JE9NE;
				GENERATE_INFOPLIST_FILE = YES;
				IPHONEOS_DEPLOYMENT_TARGET = 17.4;
				MARKETING_VERSION = 1.0;
				PRODUCT_BUNDLE_IDENTIFIER = io.appsmiths.FoodiTests;
				PRODUCT_NAME = "$(TARGET_NAME)";
				SWIFT_EMIT_LOC_STRINGS = NO;
				SWIFT_VERSION = 5.0;
				TARGETED_DEVICE_FAMILY = "1,2";
				TEST_HOST = "$(BUILT_PRODUCTS_DIR)/Foodi.app/$(BUNDLE_EXECUTABLE_FOLDER_PATH)/Foodi";
			};
			name = Release;
		};
		6A8867912B8FEDBA00518D4B /* Debug */ = {
			isa = XCBuildConfiguration;
			buildSettings = {
				ALWAYS_EMBED_SWIFT_STANDARD_LIBRARIES = YES;
				CODE_SIGN_STYLE = Automatic;
				CURRENT_PROJECT_VERSION = 1;
				DEVELOPMENT_TEAM = EARS9JE9NE;
				GENERATE_INFOPLIST_FILE = YES;
				MARKETING_VERSION = 1.0;
				PRODUCT_BUNDLE_IDENTIFIER = io.appsmiths.FoodiUITests;
				PRODUCT_NAME = "$(TARGET_NAME)";
				SWIFT_EMIT_LOC_STRINGS = NO;
				SWIFT_VERSION = 5.0;
				TARGETED_DEVICE_FAMILY = "1,2";
				TEST_TARGET_NAME = Foodi;
			};
			name = Debug;
		};
		6A8867922B8FEDBA00518D4B /* Release */ = {
			isa = XCBuildConfiguration;
			buildSettings = {
				ALWAYS_EMBED_SWIFT_STANDARD_LIBRARIES = YES;
				CODE_SIGN_STYLE = Automatic;
				CURRENT_PROJECT_VERSION = 1;
				DEVELOPMENT_TEAM = EARS9JE9NE;
				GENERATE_INFOPLIST_FILE = YES;
				MARKETING_VERSION = 1.0;
				PRODUCT_BUNDLE_IDENTIFIER = io.appsmiths.FoodiUITests;
				PRODUCT_NAME = "$(TARGET_NAME)";
				SWIFT_EMIT_LOC_STRINGS = NO;
				SWIFT_VERSION = 5.0;
				TARGETED_DEVICE_FAMILY = "1,2";
				TEST_TARGET_NAME = Foodi;
			};
			name = Release;
		};
/* End XCBuildConfiguration section */

/* Begin XCConfigurationList section */
		6A8867612B8FEDB800518D4B /* Build configuration list for PBXProject "Foodi" */ = {
			isa = XCConfigurationList;
			buildConfigurations = (
				6A8867882B8FEDBA00518D4B /* Debug */,
				6A8867892B8FEDBA00518D4B /* Release */,
			);
			defaultConfigurationIsVisible = 0;
			defaultConfigurationName = Release;
		};
		6A88678A2B8FEDBA00518D4B /* Build configuration list for PBXNativeTarget "Foodi" */ = {
			isa = XCConfigurationList;
			buildConfigurations = (
				6A88678B2B8FEDBA00518D4B /* Debug */,
				6A88678C2B8FEDBA00518D4B /* Release */,
			);
			defaultConfigurationIsVisible = 0;
			defaultConfigurationName = Release;
		};
		6A88678D2B8FEDBA00518D4B /* Build configuration list for PBXNativeTarget "FoodiTests" */ = {
			isa = XCConfigurationList;
			buildConfigurations = (
				6A88678E2B8FEDBA00518D4B /* Debug */,
				6A88678F2B8FEDBA00518D4B /* Release */,
			);
			defaultConfigurationIsVisible = 0;
			defaultConfigurationName = Release;
		};
		6A8867902B8FEDBA00518D4B /* Build configuration list for PBXNativeTarget "FoodiUITests" */ = {
			isa = XCConfigurationList;
			buildConfigurations = (
				6A8867912B8FEDBA00518D4B /* Debug */,
				6A8867922B8FEDBA00518D4B /* Release */,
			);
			defaultConfigurationIsVisible = 0;
			defaultConfigurationName = Release;
		};
/* End XCConfigurationList section */

/* Begin XCRemoteSwiftPackageReference section */
		6A8867932B8FF0AC00518D4B /* XCRemoteSwiftPackageReference "AppsmithsEssentials" */ = {
			isa = XCRemoteSwiftPackageReference;
			repositoryURL = "https://github.com/bks715/AppsmithsEssentials";
			requirement = {
				branch = main;
				kind = branch;
			};
		};
		6A8867962B8FF0CC00518D4B /* XCRemoteSwiftPackageReference "Alamofire" */ = {
			isa = XCRemoteSwiftPackageReference;
			repositoryURL = "https://github.com/Alamofire/Alamofire";
			requirement = {
				kind = upToNextMajorVersion;
				minimumVersion = 5.8.1;
			};
		};
		6A8867992B8FF0E600518D4B /* XCRemoteSwiftPackageReference "Kingfisher" */ = {
			isa = XCRemoteSwiftPackageReference;
			repositoryURL = "https://github.com/onevcat/Kingfisher";
			requirement = {
				kind = upToNextMajorVersion;
				minimumVersion = 7.11.0;
			};
		};
/* End XCRemoteSwiftPackageReference section */

/* Begin XCSwiftPackageProductDependency section */
		6A8867942B8FF0AC00518D4B /* AppsmithsEssentials */ = {
			isa = XCSwiftPackageProductDependency;
			package = 6A8867932B8FF0AC00518D4B /* XCRemoteSwiftPackageReference "AppsmithsEssentials" */;
			productName = AppsmithsEssentials;
		};
		6A8867972B8FF0CC00518D4B /* Alamofire */ = {
			isa = XCSwiftPackageProductDependency;
			package = 6A8867962B8FF0CC00518D4B /* XCRemoteSwiftPackageReference "Alamofire" */;
			productName = Alamofire;
		};
		6A88679A2B8FF0E600518D4B /* Kingfisher */ = {
			isa = XCSwiftPackageProductDependency;
			package = 6A8867992B8FF0E600518D4B /* XCRemoteSwiftPackageReference "Kingfisher" */;
			productName = Kingfisher;
		};
/* End XCSwiftPackageProductDependency section */
	};
	rootObject = 6A88675E2B8FEDB800518D4B /* Project object */;
}
